
Microsoft Visual Studio Solution File, Format Version 12.00
# Visual Studio Version 17
VisualStudioVersion = 17.13.35931.197
MinimumVisualStudioVersion = 10.0.40219.1
Project("{FAE04EC0-301F-11D3-BF4B-00C04F79EFBC}") = "RefuApi", "RefuApi\RefuApi.csproj", "{2002A172-9E1C-49CF-830B-D8AD7F5D3BB9}"
EndProject
Project("{FAE04EC0-301F-11D3-BF4B-00C04F79EFBC}") = "Services", "Services\Services.csproj", "{45E62F18-25EE-4510-8BCA-1F010459A479}"
EndProject
Project("{FAE04EC0-301F-11D3-BF4B-00C04F79EFBC}") = "Data", "Data\Data.csproj", "{A8372FD4-E2BF-4B58-A9C1-91EAB664231D}"
EndProject
Project("{FAE04EC0-301F-11D3-BF4B-00C04F79EFBC}") = "Models", "Models\Models.csproj", "{3F41AE73-9F96-4F41-8BDF-EDB086EB2DDD}"
EndProject
Project("{FAE04EC0-301F-11D3-BF4B-00C04F79EFBC}") = "DTOs", "DTOs\DTOs.csproj", "{6AA7376E-274A-4FD9-851A-A8D173052CB6}"
EndProject
Global
	GlobalSection(SolutionConfigurationPlatforms) = preSolution
		Debug|Any CPU = Debug|Any CPU
		Release|Any CPU = Release|Any CPU
	EndGlobalSection
	GlobalSection(ProjectConfigurationPlatforms) = postSolution
		{2002A172-9E1C-49CF-830B-D8AD7F5D3BB9}.Debug|Any CPU.ActiveCfg = Debug|Any CPU
		{2002A172-9E1C-49CF-830B-D8AD7F5D3BB9}.Debug|Any CPU.Build.0 = Debug|Any CPU
		{2002A172-9E1C-49CF-830B-D8AD7F5D3BB9}.Release|Any CPU.ActiveCfg = Release|Any CPU
		{2002A172-9E1C-49CF-830B-D8AD7F5D3BB9}.Release|Any CPU.Build.0 = Release|Any CPU
		{45E62F18-25EE-4510-8BCA-1F010459A479}.Debug|Any CPU.ActiveCfg = Debug|Any CPU
		{45E62F18-25EE-4510-8BCA-1F010459A479}.Debug|Any CPU.Build.0 = Debug|Any CPU
		{45E62F18-25EE-4510-8BCA-1F010459A479}.Release|Any CPU.ActiveCfg = Release|Any CPU
		{45E62F18-25EE-4510-8BCA-1F010459A479}.Release|Any CPU.Build.0 = Release|Any CPU
		{A8372FD4-E2BF-4B58-A9C1-91EAB664231D}.Debug|Any CPU.ActiveCfg = Debug|Any CPU
		{A8372FD4-E2BF-4B58-A9C1-91EAB664231D}.Debug|Any CPU.Build.0 = Debug|Any CPU
		{A8372FD4-E2BF-4B58-A9C1-91EAB664231D}.Release|Any CPU.ActiveCfg = Release|Any CPU
		{A8372FD4-E2BF-4B58-A9C1-91EAB664231D}.Release|Any CPU.Build.0 = Release|Any CPU
		{3F41AE73-9F96-4F41-8BDF-EDB086EB2DDD}.Debug|Any CPU.ActiveCfg = Debug|Any CPU
		{3F41AE73-9F96-4F41-8BDF-EDB086EB2DDD}.Debug|Any CPU.Build.0 = Debug|Any CPU
		{3F41AE73-9F96-4F41-8BDF-EDB086EB2DDD}.Release|Any CPU.ActiveCfg = Release|Any CPU
		{3F41AE73-9F96-4F41-8BDF-EDB086EB2DDD}.Release|Any CPU.Build.0 = Release|Any CPU
		{6AA7376E-274A-4FD9-851A-A8D173052CB6}.Debug|Any CPU.ActiveCfg = Debug|Any CPU
		{6AA7376E-274A-4FD9-851A-A8D173052CB6}.Debug|Any CPU.Build.0 = Debug|Any CPU
		{6AA7376E-274A-4FD9-851A-A8D173052CB6}.Release|Any CPU.ActiveCfg = Release|Any CPU
		{6AA7376E-274A-4FD9-851A-A8D173052CB6}.Release|Any CPU.Build.0 = Release|Any CPU
	EndGlobalSection
	GlobalSection(SolutionProperties) = preSolution
		HideSolutionNode = FALSE
	EndGlobalSection
	GlobalSection(ExtensibilityGlobals) = postSolution
		SolutionGuid = {D772D03C-162B-4D3F-B72D-C534DA831A39}
	EndGlobalSection
EndGlobal
